
Microsoft Visual Studio Solution File, Format Version 12.00
# Visual Studio Version 17
VisualStudioVersion = 17.8.34309.116
MinimumVisualStudioVersion = 10.0.40219.1
Project("{9A19103F-16F7-4668-BE54-9A1E7A4F7556}") = "HospitalPaymentSystem.Web", "..\..\..\SOFTWARE DEV\HospitalPay\HospitalPaymentSystem\HospitalPaymentSystem.Web.csproj", "{A0DBB001-C741-497C-AF6C-52B69BC89C2A}"
EndProject
Project("{9A19103F-16F7-4668-BE54-9A1E7A4F7556}") = "HospitalPaymentSystem.Core", "..\..\..\SOFTWARE DEV\HospitalPay\HospitalPaymentSystem.Core\HospitalPaymentSystem.Core.csproj", "{FB888893-CB1D-44F7-B27E-E0F96B8BE882}"
EndProject
Project("{9A19103F-16F7-4668-BE54-9A1E7A4F7556}") = "HospitalPaymentSystem.Data", "..\..\..\SOFTWARE DEV\HospitalPay\HospitalPaymentSystem.Data\HospitalPaymentSystem.Data.csproj", "{47EB34B7-ED21-4BAC-B3A4-9D53FD3EE3FD}"
EndProject
Project("{9A19103F-16F7-4668-BE54-9A1E7A4F7556}") = "HospitalPaymentSystem.Domain", "..\..\..\SOFTWARE DEV\HospitalPay\HospitalPaymentSystem.Domain\HospitalPaymentSystem.Domain.csproj", "{3B6D165D-4DD6-4599-A5C5-EA79CEC6B26B}"
EndProject
Global
	GlobalSection(SolutionConfigurationPlatforms) = preSolution
		Debug|Any CPU = Debug|Any CPU
		Release|Any CPU = Release|Any CPU
	EndGlobalSection
	GlobalSection(ProjectConfigurationPlatforms) = postSolution
		{A0DBB001-C741-497C-AF6C-52B69BC89C2A}.Debug|Any CPU.ActiveCfg = Debug|Any CPU
		{A0DBB001-C741-497C-AF6C-52B69BC89C2A}.Debug|Any CPU.Build.0 = Debug|Any CPU
		{A0DBB001-C741-497C-AF6C-52B69BC89C2A}.Release|Any CPU.ActiveCfg = Release|Any CPU
		{A0DBB001-C741-497C-AF6C-52B69BC89C2A}.Release|Any CPU.Build.0 = Release|Any CPU
		{FB888893-CB1D-44F7-B27E-E0F96B8BE882}.Debug|Any CPU.ActiveCfg = Debug|Any CPU
		{FB888893-CB1D-44F7-B27E-E0F96B8BE882}.Debug|Any CPU.Build.0 = Debug|Any CPU
		{FB888893-CB1D-44F7-B27E-E0F96B8BE882}.Release|Any CPU.ActiveCfg = Release|Any CPU
		{FB888893-CB1D-44F7-B27E-E0F96B8BE882}.Release|Any CPU.Build.0 = Release|Any CPU
		{47EB34B7-ED21-4BAC-B3A4-9D53FD3EE3FD}.Debug|Any CPU.ActiveCfg = Debug|Any CPU
		{47EB34B7-ED21-4BAC-B3A4-9D53FD3EE3FD}.Debug|Any CPU.Build.0 = Debug|Any CPU
		{47EB34B7-ED21-4BAC-B3A4-9D53FD3EE3FD}.Release|Any CPU.ActiveCfg = Release|Any CPU
		{47EB34B7-ED21-4BAC-B3A4-9D53FD3EE3FD}.Release|Any CPU.Build.0 = Release|Any CPU
		{3B6D165D-4DD6-4599-A5C5-EA79CEC6B26B}.Debug|Any CPU.ActiveCfg = Debug|Any CPU
		{3B6D165D-4DD6-4599-A5C5-EA79CEC6B26B}.Debug|Any CPU.Build.0 = Debug|Any CPU
		{3B6D165D-4DD6-4599-A5C5-EA79CEC6B26B}.Release|Any CPU.ActiveCfg = Release|Any CPU
		{3B6D165D-4DD6-4599-A5C5-EA79CEC6B26B}.Release|Any CPU.Build.0 = Release|Any CPU
	EndGlobalSection
	GlobalSection(SolutionProperties) = preSolution
		HideSolutionNode = FALSE
	EndGlobalSection
	GlobalSection(ExtensibilityGlobals) = postSolution
		SolutionGuid = {BA02AC93-4A8E-4B91-89DC-A47C3B0FDCD4}
	EndGlobalSection
EndGlobal
